{
  "requires": true,
  "lockfileVersion": 1,
  "dependencies": {
    "fs": {
      "version": "0.0.1-security",
      "resolved": "https://registry.npmjs.org/fs/-/fs-0.0.1-security.tgz",
      "integrity": "sha1-invTcYa23d84E/I4WLV+yq9eQdQ="
    },
    "lodash": {
      "version": "4.17.21",
      "resolved": "https://registry.npmjs.org/lodash/-/lodash-4.17.21.tgz",
      "integrity": "sha512-v2kDEe57lecTulaDIuNTPy3Ry4gLGJ6Z1O3vE1krgXZNrsQ+LFTGHVxVjcXPs17LhbZVGedAJv8XZ1tvj5FvSg=="
    },
    "pi-camera": {
      "version": "1.6.0",
      "resolved": "https://registry.npmjs.org/pi-camera/-/pi-camera-1.6.0.tgz",
      "integrity": "sha512-WrnJ4R1X/5qA5/vXeou/Ty97c7urrnla03j5FhctF9nZy1lXnfYkPOsL+qDZAZcvg40cbkTE217WlHNnMMftaw=="
    },
    "pi-camera-connect": {
      "version": "0.3.4",
      "resolved": "https://registry.npmjs.org/pi-camera-connect/-/pi-camera-connect-0.3.4.tgz",
      "integrity": "sha512-0mVOJXYY8CvAuswWXs3OnL2+pOczjuLGHca+Q479mbOC+eS6wjMameTA66B0q5KVtTAB6YplS7/Q4rieojGEVg=="
    },
    "raspicam": {
      "version": "0.2.14",
      "resolved": "https://registry.npmjs.org/raspicam/-/raspicam-0.2.14.tgz",
      "integrity": "sha1-fJamEgdHXJ/RBcN87q29XQCMFTU=",
      "requires": {
        "lodash": "*"
      }
    }
  }
}
